
Microsoft Visual Studio Solution File, Format Version 12.00
# Visual Studio Version 17
VisualStudioVersion = 17.5.33424.131
MinimumVisualStudioVersion = 10.0.40219.1
Project("{FAE04EC0-301F-11D3-BF4B-00C04F79EFBC}") = "Calculadora", "Calculadora\Calculadora.csproj", "{1E7197CF-FE68-425B-84B2-27A96E3D7DA4}"
EndProject
Global
	GlobalSection(SolutionConfigurationPlatforms) = preSolution
		Debug|Any CPU = Debug|Any CPU
		Release|Any CPU = Release|Any CPU
	EndGlobalSection
	GlobalSection(ProjectConfigurationPlatforms) = postSolution
		{1E7197CF-FE68-425B-84B2-27A96E3D7DA4}.Debug|Any CPU.ActiveCfg = Debug|Any CPU
		{1E7197CF-FE68-425B-84B2-27A96E3D7DA4}.Debug|Any CPU.Build.0 = Debug|Any CPU
		{1E7197CF-FE68-425B-84B2-27A96E3D7DA4}.Release|Any CPU.ActiveCfg = Release|Any CPU
		{1E7197CF-FE68-425B-84B2-27A96E3D7DA4}.Release|Any CPU.Build.0 = Release|Any CPU
	EndGlobalSection
	GlobalSection(SolutionProperties) = preSolution
		HideSolutionNode = FALSE
	EndGlobalSection
	GlobalSection(ExtensibilityGlobals) = postSolution
		SolutionGuid = {663872F5-F861-453C-B342-7C56A48856F5}
	EndGlobalSection
EndGlobal
